// !$*UTF8*$!
{
	archiveVersion = 1;
	classes = {
	};
	objectVersion = 56;
	objects = {

/* Begin PBXBuildFile section */
		99188B2A2B3111550023161A /* Observation.swift in Sources */ = {isa = PBXBuildFile; fileRef = 99188B292B3111550023161A /* Observation.swift */; };
		99188B2F2B3158450023161A /* iBirdSoundClassifier 1.mlmodel in Sources */ = {isa = PBXBuildFile; fileRef = 99188B2E2B3158450023161A /* iBirdSoundClassifier 1.mlmodel */; };
		99188B312B315DB90023161A /* audio in Resources */ = {isa = PBXBuildFile; fileRef = 99188B302B315DB90023161A /* audio */; };
		99188B332B315DC80023161A /* birds.json in Resources */ = {isa = PBXBuildFile; fileRef = 99188B322B315DC80023161A /* birds.json */; };
		99188B352B315E190023161A /* BirdData.swift in Sources */ = {isa = PBXBuildFile; fileRef = 99188B342B315E190023161A /* BirdData.swift */; };
		99188B372B3182400023161A /* BirdClassifier.mlmodel in Sources */ = {isa = PBXBuildFile; fileRef = 99188B362B3182400023161A /* BirdClassifier.mlmodel */; };
		9928BE322B129D6300EFB2BB /* BirdAudioClassifier.swift in Sources */ = {isa = PBXBuildFile; fileRef = 9928BE312B129D6300EFB2BB /* BirdAudioClassifier.swift */; };
		99D2A9AD2B127AE600D844B3 /* iBirdApp.swift in Sources */ = {isa = PBXBuildFile; fileRef = 99D2A9AC2B127AE600D844B3 /* iBirdApp.swift */; };
		99D2A9AF2B127AE600D844B3 /* ContentView.swift in Sources */ = {isa = PBXBuildFile; fileRef = 99D2A9AE2B127AE600D844B3 /* ContentView.swift */; };
		99D2A9B12B127AE700D844B3 /* Assets.xcassets in Resources */ = {isa = PBXBuildFile; fileRef = 99D2A9B02B127AE700D844B3 /* Assets.xcassets */; };
		99D2A9B42B127AE700D844B3 /* Preview Assets.xcassets in Resources */ = {isa = PBXBuildFile; fileRef = 99D2A9B32B127AE700D844B3 /* Preview Assets.xcassets */; };
		99D2A9BB2B127FA900D844B3 /* BirdView.swift in Sources */ = {isa = PBXBuildFile; fileRef = 99D2A9BA2B127FA900D844B3 /* BirdView.swift */; };
/* End PBXBuildFile section */

/* Begin PBXFileReference section */
		99188B292B3111550023161A /* Observation.swift */ = {isa = PBXFileReference; lastKnownFileType = sourcecode.swift; path = Observation.swift; sourceTree = "<group>"; };
		99188B2E2B3158450023161A /* iBirdSoundClassifier 1.mlmodel */ = {isa = PBXFileReference; lastKnownFileType = file.mlmodel; path = "iBirdSoundClassifier 1.mlmodel"; sourceTree = "<group>"; };
		99188B302B315DB90023161A /* audio */ = {isa = PBXFileReference; lastKnownFileType = folder; path = audio; sourceTree = "<group>"; };
		99188B322B315DC80023161A /* birds.json */ = {isa = PBXFileReference; fileEncoding = 4; lastKnownFileType = text.json; path = birds.json; sourceTree = "<group>"; };
		99188B342B315E190023161A /* BirdData.swift */ = {isa = PBXFileReference; lastKnownFileType = sourcecode.swift; path = BirdData.swift; sourceTree = "<group>"; };
		99188B362B3182400023161A /* BirdClassifier.mlmodel */ = {isa = PBXFileReference; lastKnownFileType = file.mlmodel; path = BirdClassifier.mlmodel; sourceTree = "<group>"; };
		9928BE312B129D6300EFB2BB /* BirdAudioClassifier.swift */ = {isa = PBXFileReference; lastKnownFileType = sourcecode.swift; path = BirdAudioClassifier.swift; sourceTree = "<group>"; };
		99D2A9A92B127AE600D844B3 /* iBird.app */ = {isa = PBXFileReference; explicitFileType = wrapper.application; includeInIndex = 0; path = iBird.app; sourceTree = BUILT_PRODUCTS_DIR; };
		99D2A9AC2B127AE600D844B3 /* iBirdApp.swift */ = {isa = PBXFileReference; lastKnownFileType = sourcecode.swift; path = iBirdApp.swift; sourceTree = "<group>"; };
		99D2A9AE2B127AE600D844B3 /* ContentView.swift */ = {isa = PBXFileReference; lastKnownFileType = sourcecode.swift; path = ContentView.swift; sourceTree = "<group>"; };
		99D2A9B02B127AE700D844B3 /* Assets.xcassets */ = {isa = PBXFileReference; lastKnownFileType = folder.assetcatalog; path = Assets.xcassets; sourceTree = "<group>"; };
		99D2A9B32B127AE700D844B3 /* Preview Assets.xcassets */ = {isa = PBXFileReference; lastKnownFileType = folder.assetcatalog; path = "Preview Assets.xcassets"; sourceTree = "<group>"; };
		99D2A9BA2B127FA900D844B3 /* BirdView.swift */ = {isa = PBXFileReference; lastKnownFileType = sourcecode.swift; path = BirdView.swift; sourceTree = "<group>"; };
/* End PBXFileReference section */

/* Begin PBXFrameworksBuildPhase section */
		99D2A9A62B127AE600D844B3 /* Frameworks */ = {
			isa = PBXFrameworksBuildPhase;
			buildActionMask = 2147483647;
			files = (
			);
			runOnlyForDeploymentPostprocessing = 0;
		};
/* End PBXFrameworksBuildPhase section */

/* Begin PBXGroup section */
		99D2A9A02B127AE600D844B3 = {
			isa = PBXGroup;
			children = (
				99D2A9AB2B127AE600D844B3 /* iBird */,
				99D2A9AA2B127AE600D844B3 /* Products */,
			);
			sourceTree = "<group>";
		};
		99D2A9AA2B127AE600D844B3 /* Products */ = {
			isa = PBXGroup;
			children = (
				99D2A9A92B127AE600D844B3 /* iBird.app */,
			);
			name = Products;
			sourceTree = "<group>";
		};
		99D2A9AB2B127AE600D844B3 /* iBird */ = {
			isa = PBXGroup;
			children = (
				99188B342B315E190023161A /* BirdData.swift */,
				99188B322B315DC80023161A /* birds.json */,
				99188B302B315DB90023161A /* audio */,
				99D2A9AC2B127AE600D844B3 /* iBirdApp.swift */,
				99D2A9AE2B127AE600D844B3 /* ContentView.swift */,
				99188B362B3182400023161A /* BirdClassifier.mlmodel */,
				99188B292B3111550023161A /* Observation.swift */,
				9928BE312B129D6300EFB2BB /* BirdAudioClassifier.swift */,
				99188B2E2B3158450023161A /* iBirdSoundClassifier 1.mlmodel */,
				99D2A9BA2B127FA900D844B3 /* BirdView.swift */,
				99D2A9B02B127AE700D844B3 /* Assets.xcassets */,
				99D2A9B22B127AE700D844B3 /* Preview Content */,
			);
			path = iBird;
			sourceTree = "<group>";
		};
		99D2A9B22B127AE700D844B3 /* Preview Content */ = {
			isa = PBXGroup;
			children = (
				99D2A9B32B127AE700D844B3 /* Preview Assets.xcassets */,
			);
			path = "Preview Content";
			sourceTree = "<group>";
		};
/* End PBXGroup section */

/* Begin PBXNativeTarget section */
		99D2A9A82B127AE600D844B3 /* iBird */ = {
			isa = PBXNativeTarget;
			buildConfigurationList = 99D2A9B72B127AE700D844B3 /* Build configuration list for PBXNativeTarget "iBird" */;
			buildPhases = (
				99D2A9A52B127AE600D844B3 /* Sources */,
				99D2A9A62B127AE600D844B3 /* Frameworks */,
				99D2A9A72B127AE600D844B3 /* Resources */,
			);
			buildRules = (
			);
			dependencies = (
			);
			name = iBird;
			productName = iBird;
			productReference = 99D2A9A92B127AE600D844B3 /* iBird.app */;
			productType = "com.apple.product-type.application";
		};
/* End PBXNativeTarget section */

/* Begin PBXProject section */
		99D2A9A12B127AE600D844B3 /* Project object */ = {
			isa = PBXProject;
			attributes = {
				BuildIndependentTargetsInParallel = 1;
				LastSwiftUpdateCheck = 1500;
				LastUpgradeCheck = 1500;
				TargetAttributes = {
					99D2A9A82B127AE600D844B3 = {
						CreatedOnToolsVersion = 15.0.1;
					};
				};
			};
			buildConfigurationList = 99D2A9A42B127AE600D844B3 /* Build configuration list for PBXProject "iBird" */;
			compatibilityVersion = "Xcode 14.0";
			developmentRegion = en;
			hasScannedForEncodings = 0;
			knownRegions = (
				en,
				Base,
			);
			mainGroup = 99D2A9A02B127AE600D844B3;
			productRefGroup = 99D2A9AA2B127AE600D844B3 /* Products */;
			projectDirPath = "";
			projectRoot = "";
			targets = (
				99D2A9A82B127AE600D844B3 /* iBird */,
			);
		};
/* End PBXProject section */

/* Begin PBXResourcesBuildPhase section */
		99D2A9A72B127AE600D844B3 /* Resources */ = {
			isa = PBXResourcesBuildPhase;
			buildActionMask = 2147483647;
			files = (
				99188B312B315DB90023161A /* audio in Resources */,
				99D2A9B42B127AE700D844B3 /* Preview Assets.xcassets in Resources */,
				99188B332B315DC80023161A /* birds.json in Resources */,
				99D2A9B12B127AE700D844B3 /* Assets.xcassets in Resources */,
			);
			runOnlyForDeploymentPostprocessing = 0;
		};
/* End PBXResourcesBuildPhase section */

/* Begin PBXSourcesBuildPhase section */
		99D2A9A52B127AE600D844B3 /* Sources */ = {
			isa = PBXSourcesBuildPhase;
			buildActionMask = 2147483647;
			files = (
				9928BE322B129D6300EFB2BB /* BirdAudioClassifier.swift in Sources */,
				99D2A9AF2B127AE600D844B3 /* ContentView.swift in Sources */,
				99D2A9BB2B127FA900D844B3 /* BirdView.swift in Sources */,
				99D2A9AD2B127AE600D844B3 /* iBirdApp.swift in Sources */,
				99188B372B3182400023161A /* BirdClassifier.mlmodel in Sources */,
				99188B2A2B3111550023161A /* Observation.swift in Sources */,
				99188B2F2B3158450023161A /* iBirdSoundClassifier 1.mlmodel in Sources */,
				99188B352B315E190023161A /* BirdData.swift in Sources */,
			);
			runOnlyForDeploymentPostprocessing = 0;
		};
/* End PBXSourcesBuildPhase section */

/* Begin XCBuildConfiguration section */
		99D2A9B52B127AE700D844B3 /* Debug */ = {
			isa = XCBuildConfiguration;
			buildSettings = {
				ALWAYS_SEARCH_USER_PATHS = NO;
				ASSETCATALOG_COMPILER_GENERATE_SWIFT_ASSET_SYMBOL_EXTENSIONS = YES;
				CLANG_ANALYZER_NONNULL = YES;
				CLANG_ANALYZER_NUMBER_OBJECT_CONVERSION = YES_AGGRESSIVE;
				CLANG_CXX_LANGUAGE_STANDARD = "gnu++20";
				CLANG_ENABLE_MODULES = YES;
				CLANG_ENABLE_OBJC_ARC = YES;
				CLANG_ENABLE_OBJC_WEAK = YES;
				CLANG_WARN_BLOCK_CAPTURE_AUTORELEASING = YES;
				CLANG_WARN_BOOL_CONVERSION = YES;
				CLANG_WARN_COMMA = YES;
				CLANG_WARN_CONSTANT_CONVERSION = YES;
				CLANG_WARN_DEPRECATED_OBJC_IMPLEMENTATIONS = YES;
				CLANG_WARN_DIRECT_OBJC_ISA_USAGE = YES_ERROR;
				CLANG_WARN_DOCUMENTATION_COMMENTS = YES;
				CLANG_WARN_EMPTY_BODY = YES;
				CLANG_WARN_ENUM_CONVERSION = YES;
				CLANG_WARN_INFINITE_RECURSION = YES;
				CLANG_WARN_INT_CONVERSION = YES;
				CLANG_WARN_NON_LITERAL_NULL_CONVERSION = YES;
				CLANG_WARN_OBJC_IMPLICIT_RETAIN_SELF = YES;
				CLANG_WARN_OBJC_LITERAL_CONVERSION = YES;
				CLANG_WARN_OBJC_ROOT_CLASS = YES_ERROR;
				CLANG_WARN_QUOTED_INCLUDE_IN_FRAMEWORK_HEADER = YES;
				CLANG_WARN_RANGE_LOOP_ANALYSIS = YES;
				CLANG_WARN_STRICT_PROTOTYPES = YES;
				CLANG_WARN_SUSPICIOUS_MOVE = YES;
				CLANG_WARN_UNGUARDED_AVAILABILITY = YES_AGGRESSIVE;
				CLANG_WARN_UNREACHABLE_CODE = YES;
				CLANG_WARN__DUPLICATE_METHOD_MATCH = YES;
				COPY_PHASE_STRIP = NO;
				DEBUG_INFORMATION_FORMAT = dwarf;
				ENABLE_STRICT_OBJC_MSGSEND = YES;
				ENABLE_TESTABILITY = YES;
				ENABLE_USER_SCRIPT_SANDBOXING = YES;
				GCC_C_LANGUAGE_STANDARD = gnu17;
				GCC_DYNAMIC_NO_PIC = NO;
				GCC_NO_COMMON_BLOCKS = YES;
				GCC_OPTIMIZATION_LEVEL = 0;
				GCC_PREPROCESSOR_DEFINITIONS = (
					"DEBUG=1",
					"$(inherited)",
				);
				GCC_WARN_64_TO_32_BIT_CONVERSION = YES;
				GCC_WARN_ABOUT_RETURN_TYPE = YES_ERROR;
				GCC_WARN_UNDECLARED_SELECTOR = YES;
				GCC_WARN_UNINITIALIZED_AUTOS = YES_AGGRESSIVE;
				GCC_WARN_UNUSED_FUNCTION = YES;
				GCC_WARN_UNUSED_VARIABLE = YES;
				IPHONEOS_DEPLOYMENT_TARGET = 17.0;
				LOCALIZATION_PREFERS_STRING_CATALOGS = YES;
				MTL_ENABLE_DEBUG_INFO = INCLUDE_SOURCE;
				MTL_FAST_MATH = YES;
				ONLY_ACTIVE_ARCH = YES;
				SDKROOT = iphoneos;
				SWIFT_ACTIVE_COMPILATION_CONDITIONS = "DEBUG $(inherited)";
				SWIFT_OPTIMIZATION_LEVEL = "-Onone";
			};
			name = Debug;
		};
		99D2A9B62B127AE700D844B3 /* Release */ = {
			isa = XCBuildConfiguration;
			buildSettings = {
				ALWAYS_SEARCH_USER_PATHS = NO;
				ASSETCATALOG_COMPILER_GENERATE_SWIFT_ASSET_SYMBOL_EXTENSIONS = YES;
				CLANG_ANALYZER_NONNULL = YES;
				CLANG_ANALYZER_NUMBER_OBJECT_CONVERSION = YES_AGGRESSIVE;
				CLANG_CXX_LANGUAGE_STANDARD = "gnu++20";
				CLANG_ENABLE_MODULES = YES;
				CLANG_ENABLE_OBJC_ARC = YES;
				CLANG_ENABLE_OBJC_WEAK = YES;
				CLANG_WARN_BLOCK_CAPTURE_AUTORELEASING = YES;
				CLANG_WARN_BOOL_CONVERSION = YES;
				CLANG_WARN_COMMA = YES;
				CLANG_WARN_CONSTANT_CONVERSION = YES;
				CLANG_WARN_DEPRECATED_OBJC_IMPLEMENTATIONS = YES;
				CLANG_WARN_DIRECT_OBJC_ISA_USAGE = YES_ERROR;
				CLANG_WARN_DOCUMENTATION_COMMENTS = YES;
				CLANG_WARN_EMPTY_BODY = YES;
				CLANG_WARN_ENUM_CONVERSION = YES;
				CLANG_WARN_INFINITE_RECURSION = YES;
				CLANG_WARN_INT_CONVERSION = YES;
				CLANG_WARN_NON_LITERAL_NULL_CONVERSION = YES;
				CLANG_WARN_OBJC_IMPLICIT_RETAIN_SELF = YES;
				CLANG_WARN_OBJC_LITERAL_CONVERSION = YES;
				CLANG_WARN_OBJC_ROOT_CLASS = YES_ERROR;
				CLANG_WARN_QUOTED_INCLUDE_IN_FRAMEWORK_HEADER = YES;
				CLANG_WARN_RANGE_LOOP_ANALYSIS = YES;
				CLANG_WARN_STRICT_PROTOTYPES = YES;
				CLANG_WARN_SUSPICIOUS_MOVE = YES;
				CLANG_WARN_UNGUARDED_AVAILABILITY = YES_AGGRESSIVE;
				CLANG_WARN_UNREACHABLE_CODE = YES;
				CLANG_WARN__DUPLICATE_METHOD_MATCH = YES;
				COPY_PHASE_STRIP = NO;
				DEBUG_INFORMATION_FORMAT = "dwarf-with-dsym";
				ENABLE_NS_ASSERTIONS = NO;
				ENABLE_STRICT_OBJC_MSGSEND = YES;
				ENABLE_USER_SCRIPT_SANDBOXING = YES;
				GCC_C_LANGUAGE_STANDARD = gnu17;
				GCC_NO_COMMON_BLOCKS = YES;
				GCC_WARN_64_TO_32_BIT_CONVERSION = YES;
				GCC_WARN_ABOUT_RETURN_TYPE = YES_ERROR;
				GCC_WARN_UNDECLARED_SELECTOR = YES;
				GCC_WARN_UNINITIALIZED_AUTOS = YES_AGGRESSIVE;
				GCC_WARN_UNUSED_FUNCTION = YES;
				GCC_WARN_UNUSED_VARIABLE = YES;
				IPHONEOS_DEPLOYMENT_TARGET = 17.0;
				LOCALIZATION_PREFERS_STRING_CATALOGS = YES;
				MTL_ENABLE_DEBUG_INFO = NO;
				MTL_FAST_MATH = YES;
				SDKROOT = iphoneos;
				SWIFT_COMPILATION_MODE = wholemodule;
				VALIDATE_PRODUCT = YES;
			};
			name = Release;
		};
		99D2A9B82B127AE700D844B3 /* Debug */ = {
			isa = XCBuildConfiguration;
			buildSettings = {
				ASSETCATALOG_COMPILER_APPICON_NAME = AppIcon;
				ASSETCATALOG_COMPILER_GLOBAL_ACCENT_COLOR_NAME = AccentColor;
				CODE_SIGN_STYLE = Automatic;
				CURRENT_PROJECT_VERSION = 1;
				DEVELOPMENT_ASSET_PATHS = "\"iBird/Preview Content\"";
				DEVELOPMENT_TEAM = 9NKRARHGN8;
				ENABLE_PREVIEWS = YES;
				GENERATE_INFOPLIST_FILE = YES;
				INFOPLIST_KEY_CFBundleDisplayName = iBird;
				INFOPLIST_KEY_NSMicrophoneUsageDescription = "This app uses the microphone to record your voice to make a classification with similar bird recordings";
				INFOPLIST_KEY_UIApplicationSceneManifest_Generation = YES;
				INFOPLIST_KEY_UIApplicationSupportsIndirectInputEvents = YES;
				INFOPLIST_KEY_UILaunchScreen_Generation = YES;
				INFOPLIST_KEY_UISupportedInterfaceOrientations_iPad = "UIInterfaceOrientationPortrait UIInterfaceOrientationPortraitUpsideDown UIInterfaceOrientationLandscapeLeft UIInterfaceOrientationLandscapeRight";
				INFOPLIST_KEY_UISupportedInterfaceOrientations_iPhone = "UIInterfaceOrientationPortrait UIInterfaceOrientationLandscapeLeft UIInterfaceOrientationLandscapeRight";
				LD_RUNPATH_SEARCH_PATHS = (
					"$(inherited)",
					"@executable_path/Frameworks",
				);
				MARKETING_VERSION = 1.0;
				PRODUCT_BUNDLE_IDENTIFIER = school.iBird;
				PRODUCT_NAME = "$(TARGET_NAME)";
				SWIFT_EMIT_LOC_STRINGS = YES;
				SWIFT_VERSION = 5.0;
				TARGETED_DEVICE_FAMILY = "1,2";
			};
			name = Debug;
		};
		99D2A9B92B127AE700D844B3 /* Release */ = {
			isa = XCBuildConfiguration;
			buildSettings = {
				ASSETCATALOG_COMPILER_APPICON_NAME = AppIcon;
				ASSETCATALOG_COMPILER_GLOBAL_ACCENT_COLOR_NAME = AccentColor;
				CODE_SIGN_STYLE = Automatic;
				CURRENT_PROJECT_VERSION = 1;
				DEVELOPMENT_ASSET_PATHS = "\"iBird/Preview Content\"";
				DEVELOPMENT_TEAM = 9NKRARHGN8;
				ENABLE_PREVIEWS = YES;
				GENERATE_INFOPLIST_FILE = YES;
				INFOPLIST_KEY_CFBundleDisplayName = iBird;
				INFOPLIST_KEY_NSMicrophoneUsageDescription = "This app uses the microphone to record your voice to make a classification with similar bird recordings";
				INFOPLIST_KEY_UIApplicationSceneManifest_Generation = YES;
				INFOPLIST_KEY_UIApplicationSupportsIndirectInputEvents = YES;
				INFOPLIST_KEY_UILaunchScreen_Generation = YES;
				INFOPLIST_KEY_UISupportedInterfaceOrientations_iPad = "UIInterfaceOrientationPortrait UIInterfaceOrientationPortraitUpsideDown UIInterfaceOrientationLandscapeLeft UIInterfaceOrientationLandscapeRight";
				INFOPLIST_KEY_UISupportedInterfaceOrientations_iPhone = "UIInterfaceOrientationPortrait UIInterfaceOrientationLandscapeLeft UIInterfaceOrientationLandscapeRight";
				LD_RUNPATH_SEARCH_PATHS = (
					"$(inherited)",
					"@executable_path/Frameworks",
				);
				MARKETING_VERSION = 1.0;
				PRODUCT_BUNDLE_IDENTIFIER = school.iBird;
				PRODUCT_NAME = "$(TARGET_NAME)";
				SWIFT_EMIT_LOC_STRINGS = YES;
				SWIFT_VERSION = 5.0;
				TARGETED_DEVICE_FAMILY = "1,2";
			};
			name = Release;
		};
/* End XCBuildConfiguration section */

/* Begin XCConfigurationList section */
		99D2A9A42B127AE600D844B3 /* Build configuration list for PBXProject "iBird" */ = {
			isa = XCConfigurationList;
			buildConfigurations = (
				99D2A9B52B127AE700D844B3 /* Debug */,
				99D2A9B62B127AE700D844B3 /* Release */,
			);
			defaultConfigurationIsVisible = 0;
			defaultConfigurationName = Release;
		};
		99D2A9B72B127AE700D844B3 /* Build configuration list for PBXNativeTarget "iBird" */ = {
			isa = XCConfigurationList;
			buildConfigurations = (
				99D2A9B82B127AE700D844B3 /* Debug */,
				99D2A9B92B127AE700D844B3 /* Release */,
			);
			defaultConfigurationIsVisible = 0;
			defaultConfigurationName = Release;
		};
/* End XCConfigurationList section */
	};
	rootObject = 99D2A9A12B127AE600D844B3 /* Project object */;
}
